// !$*UTF8*$!
{
	archiveVersion = 1;
	classes = {
	};
	objectVersion = 55;
	objects = {

/* Begin PBXBuildFile section */
		186A1E2D285AF67300255EE4 /* DetailWeatherView.swift in Sources */ = {isa = PBXBuildFile; fileRef = 186A1E2C285AF67300255EE4 /* DetailWeatherView.swift */; };
		188539042857B78F009572EF /* URLSessionService.swift in Sources */ = {isa = PBXBuildFile; fileRef = 188539032857B78F009572EF /* URLSessionService.swift */; };
		188539062857B848009572EF /* URLSessionServiceProtocol.swift in Sources */ = {isa = PBXBuildFile; fileRef = 188539052857B848009572EF /* URLSessionServiceProtocol.swift */; };
		188539082857B869009572EF /* APIRequest.swift in Sources */ = {isa = PBXBuildFile; fileRef = 188539072857B869009572EF /* APIRequest.swift */; };
		1885390B2857B8F4009572EF /* QueryParameters.swift in Sources */ = {isa = PBXBuildFile; fileRef = 1885390A2857B8F4009572EF /* QueryParameters.swift */; };
		1885390E2857B915009572EF /* CityWeatherRequest.swift in Sources */ = {isa = PBXBuildFile; fileRef = 1885390D2857B915009572EF /* CityWeatherRequest.swift */; };
		188539102857B944009572EF /* HTTPMethod.swift in Sources */ = {isa = PBXBuildFile; fileRef = 1885390F2857B944009572EF /* HTTPMethod.swift */; };
		188539162857BDAA009572EF /* Publisher+Extension.swift in Sources */ = {isa = PBXBuildFile; fileRef = 188539152857BDAA009572EF /* Publisher+Extension.swift */; };
		188539182857CD1A009572EF /* DefaultWeatherRepository.swift in Sources */ = {isa = PBXBuildFile; fileRef = 188539172857CD1A009572EF /* DefaultWeatherRepository.swift */; };
		1885391B2857CD46009572EF /* WeatherRepository.swift in Sources */ = {isa = PBXBuildFile; fileRef = 1885391A2857CD46009572EF /* WeatherRepository.swift */; };
		1885391E2857D05A009572EF /* TodayWeather.swift in Sources */ = {isa = PBXBuildFile; fileRef = 1885391D2857D059009572EF /* TodayWeather.swift */; };
		188539202857D0C0009572EF /* FetchWeatherUseCase.swift in Sources */ = {isa = PBXBuildFile; fileRef = 1885391F2857D0C0009572EF /* FetchWeatherUseCase.swift */; };
		188539222857D147009572EF /* DetailViewModel.swift in Sources */ = {isa = PBXBuildFile; fileRef = 188539212857D147009572EF /* DetailViewModel.swift */; };
		18A821A0285E975600563FC3 /* CityListRepository.swift in Sources */ = {isa = PBXBuildFile; fileRef = 18A8219F285E975600563FC3 /* CityListRepository.swift */; };
		18A821A2285E977500563FC3 /* DefaultCityListRepository.swift in Sources */ = {isa = PBXBuildFile; fileRef = 18A821A1285E977500563FC3 /* DefaultCityListRepository.swift */; };
		18A821A4285E979800563FC3 /* City.swift in Sources */ = {isa = PBXBuildFile; fileRef = 18A821A3285E979800563FC3 /* City.swift */; };
		18A821A6285E98A600563FC3 /* CityListUseCase.swift in Sources */ = {isa = PBXBuildFile; fileRef = 18A821A5285E98A500563FC3 /* CityListUseCase.swift */; };
		18A89093286044540050A0CC /* CityList.swift in Sources */ = {isa = PBXBuildFile; fileRef = 18A89092286044540050A0CC /* CityList.swift */; };
		18CB343F285EDF6A00874689 /* CityListViewModel.swift in Sources */ = {isa = PBXBuildFile; fileRef = 18CB343E285EDF6A00874689 /* CityListViewModel.swift */; };
		18CB3447285EF3E400874689 /* Double+Extension.swift in Sources */ = {isa = PBXBuildFile; fileRef = 18CB3446285EF3E400874689 /* Double+Extension.swift */; };
		18CB3449285EF3F800874689 /* Int+Extension.swift in Sources */ = {isa = PBXBuildFile; fileRef = 18CB3448285EF3F800874689 /* Int+Extension.swift */; };
		18CB344B285EF41700874689 /* DataFomatter.swift in Sources */ = {isa = PBXBuildFile; fileRef = 18CB344A285EF41700874689 /* DataFomatter.swift */; };
		18CE4F3428557069004AAD32 /* ChildOfWeatherCombineApp.swift in Sources */ = {isa = PBXBuildFile; fileRef = 18CE4F3328557069004AAD32 /* ChildOfWeatherCombineApp.swift */; };
		18CE4F3628557069004AAD32 /* CityListView.swift in Sources */ = {isa = PBXBuildFile; fileRef = 18CE4F3528557069004AAD32 /* CityListView.swift */; };
		18CE4F382855706B004AAD32 /* Assets.xcassets in Resources */ = {isa = PBXBuildFile; fileRef = 18CE4F372855706B004AAD32 /* Assets.xcassets */; };
		18CE4F3B2855706B004AAD32 /* Preview Assets.xcassets in Resources */ = {isa = PBXBuildFile; fileRef = 18CE4F3A2855706B004AAD32 /* Preview Assets.xcassets */; };
		18CE4F462855E0FF004AAD32 /* WeatherInformation.swift in Sources */ = {isa = PBXBuildFile; fileRef = 18CE4F452855E0FF004AAD32 /* WeatherInformation.swift */; };
		18D35FB12862FB5600E9E4B7 /* AppDIContainer.swift in Sources */ = {isa = PBXBuildFile; fileRef = 18D35FB02862FB5600E9E4B7 /* AppDIContainer.swift */; };
		18D35FB32862FDDE00E9E4B7 /* CityListCell.swift in Sources */ = {isa = PBXBuildFile; fileRef = 18D35FB22862FDDE00E9E4B7 /* CityListCell.swift */; };
/* End PBXBuildFile section */

/* Begin PBXFileReference section */
		186A1E2C285AF67300255EE4 /* DetailWeatherView.swift */ = {isa = PBXFileReference; lastKnownFileType = sourcecode.swift; path = DetailWeatherView.swift; sourceTree = "<group>"; };
		188539032857B78F009572EF /* URLSessionService.swift */ = {isa = PBXFileReference; lastKnownFileType = sourcecode.swift; path = URLSessionService.swift; sourceTree = "<group>"; };
		188539052857B848009572EF /* URLSessionServiceProtocol.swift */ = {isa = PBXFileReference; lastKnownFileType = sourcecode.swift; path = URLSessionServiceProtocol.swift; sourceTree = "<group>"; };
		188539072857B869009572EF /* APIRequest.swift */ = {isa = PBXFileReference; lastKnownFileType = sourcecode.swift; path = APIRequest.swift; sourceTree = "<group>"; };
		1885390A2857B8F4009572EF /* QueryParameters.swift */ = {isa = PBXFileReference; lastKnownFileType = sourcecode.swift; path = QueryParameters.swift; sourceTree = "<group>"; };
		1885390D2857B915009572EF /* CityWeatherRequest.swift */ = {isa = PBXFileReference; lastKnownFileType = sourcecode.swift; path = CityWeatherRequest.swift; sourceTree = "<group>"; };
		1885390F2857B944009572EF /* HTTPMethod.swift */ = {isa = PBXFileReference; lastKnownFileType = sourcecode.swift; path = HTTPMethod.swift; sourceTree = "<group>"; };
		188539152857BDAA009572EF /* Publisher+Extension.swift */ = {isa = PBXFileReference; lastKnownFileType = sourcecode.swift; path = "Publisher+Extension.swift"; sourceTree = "<group>"; };
		188539172857CD1A009572EF /* DefaultWeatherRepository.swift */ = {isa = PBXFileReference; lastKnownFileType = sourcecode.swift; path = DefaultWeatherRepository.swift; sourceTree = "<group>"; };
		1885391A2857CD46009572EF /* WeatherRepository.swift */ = {isa = PBXFileReference; lastKnownFileType = sourcecode.swift; path = WeatherRepository.swift; sourceTree = "<group>"; };
		1885391D2857D059009572EF /* TodayWeather.swift */ = {isa = PBXFileReference; lastKnownFileType = sourcecode.swift; path = TodayWeather.swift; sourceTree = "<group>"; };
		1885391F2857D0C0009572EF /* FetchWeatherUseCase.swift */ = {isa = PBXFileReference; lastKnownFileType = sourcecode.swift; path = FetchWeatherUseCase.swift; sourceTree = "<group>"; };
		188539212857D147009572EF /* DetailViewModel.swift */ = {isa = PBXFileReference; lastKnownFileType = sourcecode.swift; path = DetailViewModel.swift; sourceTree = "<group>"; };
		18A8219F285E975600563FC3 /* CityListRepository.swift */ = {isa = PBXFileReference; lastKnownFileType = sourcecode.swift; path = CityListRepository.swift; sourceTree = "<group>"; };
		18A821A1285E977500563FC3 /* DefaultCityListRepository.swift */ = {isa = PBXFileReference; lastKnownFileType = sourcecode.swift; path = DefaultCityListRepository.swift; sourceTree = "<group>"; };
		18A821A3285E979800563FC3 /* City.swift */ = {isa = PBXFileReference; lastKnownFileType = sourcecode.swift; path = City.swift; sourceTree = "<group>"; };
		18A821A5285E98A500563FC3 /* CityListUseCase.swift */ = {isa = PBXFileReference; lastKnownFileType = sourcecode.swift; path = CityListUseCase.swift; sourceTree = "<group>"; };
		18A89092286044540050A0CC /* CityList.swift */ = {isa = PBXFileReference; lastKnownFileType = sourcecode.swift; path = CityList.swift; sourceTree = "<group>"; };
		18CB343E285EDF6A00874689 /* CityListViewModel.swift */ = {isa = PBXFileReference; lastKnownFileType = sourcecode.swift; path = CityListViewModel.swift; sourceTree = "<group>"; };
		18CB3446285EF3E400874689 /* Double+Extension.swift */ = {isa = PBXFileReference; lastKnownFileType = sourcecode.swift; path = "Double+Extension.swift"; sourceTree = "<group>"; };
		18CB3448285EF3F800874689 /* Int+Extension.swift */ = {isa = PBXFileReference; lastKnownFileType = sourcecode.swift; path = "Int+Extension.swift"; sourceTree = "<group>"; };
		18CB344A285EF41700874689 /* DataFomatter.swift */ = {isa = PBXFileReference; lastKnownFileType = sourcecode.swift; path = DataFomatter.swift; sourceTree = "<group>"; };
		18CE4F3028557069004AAD32 /* ChildOfWeatherCombine.app */ = {isa = PBXFileReference; explicitFileType = wrapper.application; includeInIndex = 0; path = ChildOfWeatherCombine.app; sourceTree = BUILT_PRODUCTS_DIR; };
		18CE4F3328557069004AAD32 /* ChildOfWeatherCombineApp.swift */ = {isa = PBXFileReference; lastKnownFileType = sourcecode.swift; path = ChildOfWeatherCombineApp.swift; sourceTree = "<group>"; };
		18CE4F3528557069004AAD32 /* CityListView.swift */ = {isa = PBXFileReference; lastKnownFileType = sourcecode.swift; path = CityListView.swift; sourceTree = "<group>"; };
		18CE4F372855706B004AAD32 /* Assets.xcassets */ = {isa = PBXFileReference; lastKnownFileType = folder.assetcatalog; path = Assets.xcassets; sourceTree = "<group>"; };
		18CE4F3A2855706B004AAD32 /* Preview Assets.xcassets */ = {isa = PBXFileReference; lastKnownFileType = folder.assetcatalog; path = "Preview Assets.xcassets"; sourceTree = "<group>"; };
		18CE4F452855E0FF004AAD32 /* WeatherInformation.swift */ = {isa = PBXFileReference; lastKnownFileType = sourcecode.swift; path = WeatherInformation.swift; sourceTree = "<group>"; };
		18D35FB02862FB5600E9E4B7 /* AppDIContainer.swift */ = {isa = PBXFileReference; lastKnownFileType = sourcecode.swift; path = AppDIContainer.swift; sourceTree = "<group>"; };
		18D35FB22862FDDE00E9E4B7 /* CityListCell.swift */ = {isa = PBXFileReference; lastKnownFileType = sourcecode.swift; path = CityListCell.swift; sourceTree = "<group>"; };
/* End PBXFileReference section */

/* Begin PBXFrameworksBuildPhase section */
		18CE4F2D28557069004AAD32 /* Frameworks */ = {
			isa = PBXFrameworksBuildPhase;
			buildActionMask = 2147483647;
			files = (
			);
			runOnlyForDeploymentPostprocessing = 0;
		};
/* End PBXFrameworksBuildPhase section */

/* Begin PBXGroup section */
		186A1E2A285AF64F00255EE4 /* DetailWeatherView */ = {
			isa = PBXGroup;
			children = (
				18CFCA0F286202A60021DF61 /* View */,
				18CFCA10286202AA0021DF61 /* ViewModel */,
			);
			path = DetailWeatherView;
			sourceTree = "<group>";
		};
		186A1E2B285AF65700255EE4 /* CityListView */ = {
			isa = PBXGroup;
			children = (
				18CB343D285EDF5800874689 /* View */,
				18A821A7285E9A0900563FC3 /* ViewModel */,
			);
			path = CityListView;
			sourceTree = "<group>";
		};
		188539022857B77D009572EF /* APICall */ = {
			isa = PBXGroup;
			children = (
				188539132857B998009572EF /* APICaller */,
				1885390C2857B90A009572EF /* CityWeatherRequest */,
				188539092857B8C8009572EF /* Interface */,
			);
			path = APICall;
			sourceTree = "<group>";
		};
		188539092857B8C8009572EF /* Interface */ = {
			isa = PBXGroup;
			children = (
				188539052857B848009572EF /* URLSessionServiceProtocol.swift */,
				188539072857B869009572EF /* APIRequest.swift */,
				1885390A2857B8F4009572EF /* QueryParameters.swift */,
				1885390F2857B944009572EF /* HTTPMethod.swift */,
			);
			path = Interface;
			sourceTree = "<group>";
		};
		1885390C2857B90A009572EF /* CityWeatherRequest */ = {
			isa = PBXGroup;
			children = (
				1885390D2857B915009572EF /* CityWeatherRequest.swift */,
			);
			path = CityWeatherRequest;
			sourceTree = "<group>";
		};
		188539132857B998009572EF /* APICaller */ = {
			isa = PBXGroup;
			children = (
				188539032857B78F009572EF /* URLSessionService.swift */,
			);
			path = APICaller;
			sourceTree = "<group>";
		};
		188539142857BD9A009572EF /* Extension */ = {
			isa = PBXGroup;
			children = (
				188539152857BDAA009572EF /* Publisher+Extension.swift */,
				18CB3446285EF3E400874689 /* Double+Extension.swift */,
				18CB3448285EF3F800874689 /* Int+Extension.swift */,
			);
			path = Extension;
			sourceTree = "<group>";
		};
		188539192857CD37009572EF /* InterFace */ = {
			isa = PBXGroup;
			children = (
				1885391A2857CD46009572EF /* WeatherRepository.swift */,
				18A8219F285E975600563FC3 /* CityListRepository.swift */,
			);
			path = InterFace;
			sourceTree = "<group>";
		};
		1885391C2857CE1F009572EF /* Entity */ = {
			isa = PBXGroup;
			children = (
				18CE4F452855E0FF004AAD32 /* WeatherInformation.swift */,
			);
			path = Entity;
			sourceTree = "<group>";
		};
		18864CD7285FF9ED00DFABD4 /* Repository */ = {
			isa = PBXGroup;
			children = (
				188539172857CD1A009572EF /* DefaultWeatherRepository.swift */,
				18A821A1285E977500563FC3 /* DefaultCityListRepository.swift */,
			);
			path = Repository;
			sourceTree = "<group>";
		};
		18A821A7285E9A0900563FC3 /* ViewModel */ = {
			isa = PBXGroup;
			children = (
				18CB343E285EDF6A00874689 /* CityListViewModel.swift */,
			);
			path = ViewModel;
			sourceTree = "<group>";
		};
		18A89091286044440050A0CC /* AssetDataStorage */ = {
			isa = PBXGroup;
			children = (
				18A89092286044540050A0CC /* CityList.swift */,
			);
			path = AssetDataStorage;
			sourceTree = "<group>";
		};
		18CB343B285EDF3200874689 /* Model */ = {
			isa = PBXGroup;
			children = (
				18A821A3285E979800563FC3 /* City.swift */,
				1885391D2857D059009572EF /* TodayWeather.swift */,
			);
			path = Model;
			sourceTree = "<group>";
		};
		18CB343C285EDF4A00874689 /* UseCase */ = {
			isa = PBXGroup;
			children = (
				1885391F2857D0C0009572EF /* FetchWeatherUseCase.swift */,
				18A821A5285E98A500563FC3 /* CityListUseCase.swift */,
			);
			path = UseCase;
			sourceTree = "<group>";
		};
		18CB343D285EDF5800874689 /* View */ = {
			isa = PBXGroup;
			children = (
				18CE4F3528557069004AAD32 /* CityListView.swift */,
				18D35FB22862FDDE00E9E4B7 /* CityListCell.swift */,
			);
			path = View;
			sourceTree = "<group>";
		};
		18CB3443285EF1FB00874689 /* Utility */ = {
			isa = PBXGroup;
			children = (
				18CB344A285EF41700874689 /* DataFomatter.swift */,
			);
			path = Utility;
			sourceTree = "<group>";
		};
		18CE4F2728557069004AAD32 = {
			isa = PBXGroup;
			children = (
				18CE4F3228557069004AAD32 /* ChildOfWeatherCombine */,
				18CE4F3128557069004AAD32 /* Products */,
			);
			sourceTree = "<group>";
		};
		18CE4F3128557069004AAD32 /* Products */ = {
			isa = PBXGroup;
			children = (
				18CE4F3028557069004AAD32 /* ChildOfWeatherCombine.app */,
			);
			name = Products;
			sourceTree = "<group>";
		};
		18CE4F3228557069004AAD32 /* ChildOfWeatherCombine */ = {
			isa = PBXGroup;
			children = (
				18D35FAF2862FB4500E9E4B7 /* DIContainer */,
				18CB3443285EF1FB00874689 /* Utility */,
				18CE4F442855E0E5004AAD32 /* Core */,
				188539142857BD9A009572EF /* Extension */,
				188539022857B77D009572EF /* APICall */,
				18CE4F432855723B004AAD32 /* Data */,
				18CE4F4128557232004AAD32 /* Domain */,
				18CE4F4228557236004AAD32 /* Presentation */,
				18CE4F372855706B004AAD32 /* Assets.xcassets */,
				18CE4F392855706B004AAD32 /* Preview Content */,
			);
			path = ChildOfWeatherCombine;
			sourceTree = "<group>";
		};
		18CE4F392855706B004AAD32 /* Preview Content */ = {
			isa = PBXGroup;
			children = (
				18CE4F3A2855706B004AAD32 /* Preview Assets.xcassets */,
			);
			path = "Preview Content";
			sourceTree = "<group>";
		};
		18CE4F4128557232004AAD32 /* Domain */ = {
			isa = PBXGroup;
			children = (
				18CB343B285EDF3200874689 /* Model */,
				188539192857CD37009572EF /* InterFace */,
				18CB343C285EDF4A00874689 /* UseCase */,
			);
			path = Domain;
			sourceTree = "<group>";
		};
		18CE4F4228557236004AAD32 /* Presentation */ = {
			isa = PBXGroup;
			children = (
				186A1E2B285AF65700255EE4 /* CityListView */,
				186A1E2A285AF64F00255EE4 /* DetailWeatherView */,
			);
			path = Presentation;
			sourceTree = "<group>";
		};
		18CE4F432855723B004AAD32 /* Data */ = {
			isa = PBXGroup;
			children = (
				18A89091286044440050A0CC /* AssetDataStorage */,
				18864CD7285FF9ED00DFABD4 /* Repository */,
				1885391C2857CE1F009572EF /* Entity */,
			);
			path = Data;
			sourceTree = "<group>";
		};
		18CE4F442855E0E5004AAD32 /* Core */ = {
			isa = PBXGroup;
			children = (
				18CE4F3328557069004AAD32 /* ChildOfWeatherCombineApp.swift */,
			);
			path = Core;
			sourceTree = "<group>";
		};
		18CFCA0F286202A60021DF61 /* View */ = {
			isa = PBXGroup;
			children = (
				186A1E2C285AF67300255EE4 /* DetailWeatherView.swift */,
			);
			path = View;
			sourceTree = "<group>";
		};
		18CFCA10286202AA0021DF61 /* ViewModel */ = {
			isa = PBXGroup;
			children = (
				188539212857D147009572EF /* DetailViewModel.swift */,
			);
			path = ViewModel;
			sourceTree = "<group>";
		};
		18D35FAF2862FB4500E9E4B7 /* DIContainer */ = {
			isa = PBXGroup;
			children = (
				18D35FB02862FB5600E9E4B7 /* AppDIContainer.swift */,
			);
			path = DIContainer;
			sourceTree = "<group>";
		};
/* End PBXGroup section */

/* Begin PBXNativeTarget section */
		18CE4F2F28557069004AAD32 /* ChildOfWeatherCombine */ = {
			isa = PBXNativeTarget;
			buildConfigurationList = 18CE4F3E2855706B004AAD32 /* Build configuration list for PBXNativeTarget "ChildOfWeatherCombine" */;
			buildPhases = (
				18CE4F2C28557069004AAD32 /* Sources */,
				18CE4F2D28557069004AAD32 /* Frameworks */,
				18CE4F2E28557069004AAD32 /* Resources */,
			);
			buildRules = (
			);
			dependencies = (
			);
			name = ChildOfWeatherCombine;
			productName = ChildOfWeatherCombine;
			productReference = 18CE4F3028557069004AAD32 /* ChildOfWeatherCombine.app */;
			productType = "com.apple.product-type.application";
		};
/* End PBXNativeTarget section */

/* Begin PBXProject section */
		18CE4F2828557069004AAD32 /* Project object */ = {
			isa = PBXProject;
			attributes = {
				BuildIndependentTargetsInParallel = 1;
				LastSwiftUpdateCheck = 1340;
				LastUpgradeCheck = 1340;
				TargetAttributes = {
					18CE4F2F28557069004AAD32 = {
						CreatedOnToolsVersion = 13.4.1;
					};
				};
			};
			buildConfigurationList = 18CE4F2B28557069004AAD32 /* Build configuration list for PBXProject "ChildOfWeatherCombine" */;
			compatibilityVersion = "Xcode 13.0";
			developmentRegion = en;
			hasScannedForEncodings = 0;
			knownRegions = (
				en,
				Base,
			);
			mainGroup = 18CE4F2728557069004AAD32;
			productRefGroup = 18CE4F3128557069004AAD32 /* Products */;
			projectDirPath = "";
			projectRoot = "";
			targets = (
				18CE4F2F28557069004AAD32 /* ChildOfWeatherCombine */,
			);
		};
/* End PBXProject section */

/* Begin PBXResourcesBuildPhase section */
		18CE4F2E28557069004AAD32 /* Resources */ = {
			isa = PBXResourcesBuildPhase;
			buildActionMask = 2147483647;
			files = (
				18CE4F3B2855706B004AAD32 /* Preview Assets.xcassets in Resources */,
				18CE4F382855706B004AAD32 /* Assets.xcassets in Resources */,
			);
			runOnlyForDeploymentPostprocessing = 0;
		};
/* End PBXResourcesBuildPhase section */

/* Begin PBXSourcesBuildPhase section */
		18CE4F2C28557069004AAD32 /* Sources */ = {
			isa = PBXSourcesBuildPhase;
			buildActionMask = 2147483647;
			files = (
				188539202857D0C0009572EF /* FetchWeatherUseCase.swift in Sources */,
				1885391B2857CD46009572EF /* WeatherRepository.swift in Sources */,
				18CE4F3628557069004AAD32 /* CityListView.swift in Sources */,
				188539062857B848009572EF /* URLSessionServiceProtocol.swift in Sources */,
				188539162857BDAA009572EF /* Publisher+Extension.swift in Sources */,
				18A821A4285E979800563FC3 /* City.swift in Sources */,
				18CE4F462855E0FF004AAD32 /* WeatherInformation.swift in Sources */,
				18D35FB12862FB5600E9E4B7 /* AppDIContainer.swift in Sources */,
				18A821A2285E977500563FC3 /* DefaultCityListRepository.swift in Sources */,
				18D35FB32862FDDE00E9E4B7 /* CityListCell.swift in Sources */,
				18CB344B285EF41700874689 /* DataFomatter.swift in Sources */,
				18CB343F285EDF6A00874689 /* CityListViewModel.swift in Sources */,
				18CB3449285EF3F800874689 /* Int+Extension.swift in Sources */,
				18A821A0285E975600563FC3 /* CityListRepository.swift in Sources */,
				1885391E2857D05A009572EF /* TodayWeather.swift in Sources */,
				186A1E2D285AF67300255EE4 /* DetailWeatherView.swift in Sources */,
				18CE4F3428557069004AAD32 /* ChildOfWeatherCombineApp.swift in Sources */,
				188539182857CD1A009572EF /* DefaultWeatherRepository.swift in Sources */,
				188539082857B869009572EF /* APIRequest.swift in Sources */,
				188539102857B944009572EF /* HTTPMethod.swift in Sources */,
				18A89093286044540050A0CC /* CityList.swift in Sources */,
				18A821A6285E98A600563FC3 /* CityListUseCase.swift in Sources */,
				1885390E2857B915009572EF /* CityWeatherRequest.swift in Sources */,
				18CB3447285EF3E400874689 /* Double+Extension.swift in Sources */,
				1885390B2857B8F4009572EF /* QueryParameters.swift in Sources */,
				188539042857B78F009572EF /* URLSessionService.swift in Sources */,
				188539222857D147009572EF /* DetailViewModel.swift in Sources */,
			);
			runOnlyForDeploymentPostprocessing = 0;
		};
/* End PBXSourcesBuildPhase section */

/* Begin XCBuildConfiguration section */
		18CE4F3C2855706B004AAD32 /* Debug */ = {
			isa = XCBuildConfiguration;
			buildSettings = {
				ALWAYS_SEARCH_USER_PATHS = NO;
				CLANG_ANALYZER_NONNULL = YES;
				CLANG_ANALYZER_NUMBER_OBJECT_CONVERSION = YES_AGGRESSIVE;
				CLANG_CXX_LANGUAGE_STANDARD = "gnu++17";
				CLANG_ENABLE_MODULES = YES;
				CLANG_ENABLE_OBJC_ARC = YES;
				CLANG_ENABLE_OBJC_WEAK = YES;
				CLANG_WARN_BLOCK_CAPTURE_AUTORELEASING = YES;
				CLANG_WARN_BOOL_CONVERSION = YES;
				CLANG_WARN_COMMA = YES;
				CLANG_WARN_CONSTANT_CONVERSION = YES;
				CLANG_WARN_DEPRECATED_OBJC_IMPLEMENTATIONS = YES;
				CLANG_WARN_DIRECT_OBJC_ISA_USAGE = YES_ERROR;
				CLANG_WARN_DOCUMENTATION_COMMENTS = YES;
				CLANG_WARN_EMPTY_BODY = YES;
				CLANG_WARN_ENUM_CONVERSION = YES;
				CLANG_WARN_INFINITE_RECURSION = YES;
				CLANG_WARN_INT_CONVERSION = YES;
				CLANG_WARN_NON_LITERAL_NULL_CONVERSION = YES;
				CLANG_WARN_OBJC_IMPLICIT_RETAIN_SELF = YES;
				CLANG_WARN_OBJC_LITERAL_CONVERSION = YES;
				CLANG_WARN_OBJC_ROOT_CLASS = YES_ERROR;
				CLANG_WARN_QUOTED_INCLUDE_IN_FRAMEWORK_HEADER = YES;
				CLANG_WARN_RANGE_LOOP_ANALYSIS = YES;
				CLANG_WARN_STRICT_PROTOTYPES = YES;
				CLANG_WARN_SUSPICIOUS_MOVE = YES;
				CLANG_WARN_UNGUARDED_AVAILABILITY = YES_AGGRESSIVE;
				CLANG_WARN_UNREACHABLE_CODE = YES;
				CLANG_WARN__DUPLICATE_METHOD_MATCH = YES;
				COPY_PHASE_STRIP = NO;
				DEBUG_INFORMATION_FORMAT = dwarf;
				ENABLE_STRICT_OBJC_MSGSEND = YES;
				ENABLE_TESTABILITY = YES;
				GCC_C_LANGUAGE_STANDARD = gnu11;
				GCC_DYNAMIC_NO_PIC = NO;
				GCC_NO_COMMON_BLOCKS = YES;
				GCC_OPTIMIZATION_LEVEL = 0;
				GCC_PREPROCESSOR_DEFINITIONS = (
					"DEBUG=1",
					"$(inherited)",
				);
				GCC_WARN_64_TO_32_BIT_CONVERSION = YES;
				GCC_WARN_ABOUT_RETURN_TYPE = YES_ERROR;
				GCC_WARN_UNDECLARED_SELECTOR = YES;
				GCC_WARN_UNINITIALIZED_AUTOS = YES_AGGRESSIVE;
				GCC_WARN_UNUSED_FUNCTION = YES;
				GCC_WARN_UNUSED_VARIABLE = YES;
				IPHONEOS_DEPLOYMENT_TARGET = 15.5;
				MTL_ENABLE_DEBUG_INFO = INCLUDE_SOURCE;
				MTL_FAST_MATH = YES;
				ONLY_ACTIVE_ARCH = YES;
				SDKROOT = iphoneos;
				SWIFT_ACTIVE_COMPILATION_CONDITIONS = DEBUG;
				SWIFT_OPTIMIZATION_LEVEL = "-Onone";
			};
			name = Debug;
		};
		18CE4F3D2855706B004AAD32 /* Release */ = {
			isa = XCBuildConfiguration;
			buildSettings = {
				ALWAYS_SEARCH_USER_PATHS = NO;
				CLANG_ANALYZER_NONNULL = YES;
				CLANG_ANALYZER_NUMBER_OBJECT_CONVERSION = YES_AGGRESSIVE;
				CLANG_CXX_LANGUAGE_STANDARD = "gnu++17";
				CLANG_ENABLE_MODULES = YES;
				CLANG_ENABLE_OBJC_ARC = YES;
				CLANG_ENABLE_OBJC_WEAK = YES;
				CLANG_WARN_BLOCK_CAPTURE_AUTORELEASING = YES;
				CLANG_WARN_BOOL_CONVERSION = YES;
				CLANG_WARN_COMMA = YES;
				CLANG_WARN_CONSTANT_CONVERSION = YES;
				CLANG_WARN_DEPRECATED_OBJC_IMPLEMENTATIONS = YES;
				CLANG_WARN_DIRECT_OBJC_ISA_USAGE = YES_ERROR;
				CLANG_WARN_DOCUMENTATION_COMMENTS = YES;
				CLANG_WARN_EMPTY_BODY = YES;
				CLANG_WARN_ENUM_CONVERSION = YES;
				CLANG_WARN_INFINITE_RECURSION = YES;
				CLANG_WARN_INT_CONVERSION = YES;
				CLANG_WARN_NON_LITERAL_NULL_CONVERSION = YES;
				CLANG_WARN_OBJC_IMPLICIT_RETAIN_SELF = YES;
				CLANG_WARN_OBJC_LITERAL_CONVERSION = YES;
				CLANG_WARN_OBJC_ROOT_CLASS = YES_ERROR;
				CLANG_WARN_QUOTED_INCLUDE_IN_FRAMEWORK_HEADER = YES;
				CLANG_WARN_RANGE_LOOP_ANALYSIS = YES;
				CLANG_WARN_STRICT_PROTOTYPES = YES;
				CLANG_WARN_SUSPICIOUS_MOVE = YES;
				CLANG_WARN_UNGUARDED_AVAILABILITY = YES_AGGRESSIVE;
				CLANG_WARN_UNREACHABLE_CODE = YES;
				CLANG_WARN__DUPLICATE_METHOD_MATCH = YES;
				COPY_PHASE_STRIP = NO;
				DEBUG_INFORMATION_FORMAT = "dwarf-with-dsym";
				ENABLE_NS_ASSERTIONS = NO;
				ENABLE_STRICT_OBJC_MSGSEND = YES;
				GCC_C_LANGUAGE_STANDARD = gnu11;
				GCC_NO_COMMON_BLOCKS = YES;
				GCC_WARN_64_TO_32_BIT_CONVERSION = YES;
				GCC_WARN_ABOUT_RETURN_TYPE = YES_ERROR;
				GCC_WARN_UNDECLARED_SELECTOR = YES;
				GCC_WARN_UNINITIALIZED_AUTOS = YES_AGGRESSIVE;
				GCC_WARN_UNUSED_FUNCTION = YES;
				GCC_WARN_UNUSED_VARIABLE = YES;
				IPHONEOS_DEPLOYMENT_TARGET = 15.5;
				MTL_ENABLE_DEBUG_INFO = NO;
				MTL_FAST_MATH = YES;
				SDKROOT = iphoneos;
				SWIFT_COMPILATION_MODE = wholemodule;
				SWIFT_OPTIMIZATION_LEVEL = "-O";
				VALIDATE_PRODUCT = YES;
			};
			name = Release;
		};
		18CE4F3F2855706B004AAD32 /* Debug */ = {
			isa = XCBuildConfiguration;
			buildSettings = {
				ASSETCATALOG_COMPILER_APPICON_NAME = AppIcon;
				ASSETCATALOG_COMPILER_GLOBAL_ACCENT_COLOR_NAME = AccentColor;
				CODE_SIGN_STYLE = Automatic;
				CURRENT_PROJECT_VERSION = 1;
				DEVELOPMENT_ASSET_PATHS = "\"ChildOfWeatherCombine/Preview Content\"";
				ENABLE_PREVIEWS = YES;
				GENERATE_INFOPLIST_FILE = YES;
				INFOPLIST_KEY_UIApplicationSceneManifest_Generation = YES;
				INFOPLIST_KEY_UIApplicationSupportsIndirectInputEvents = YES;
				INFOPLIST_KEY_UILaunchScreen_Generation = YES;
				INFOPLIST_KEY_UISupportedInterfaceOrientations_iPad = "UIInterfaceOrientationPortrait UIInterfaceOrientationPortraitUpsideDown UIInterfaceOrientationLandscapeLeft UIInterfaceOrientationLandscapeRight";
				INFOPLIST_KEY_UISupportedInterfaceOrientations_iPhone = "UIInterfaceOrientationPortrait UIInterfaceOrientationLandscapeLeft UIInterfaceOrientationLandscapeRight";
				LD_RUNPATH_SEARCH_PATHS = (
					"$(inherited)",
					"@executable_path/Frameworks",
				);
				MARKETING_VERSION = 1.0;
				PRODUCT_BUNDLE_IDENTIFIER = com.yourcompany.test.ChildOfWeatherCombine;
				PRODUCT_NAME = "$(TARGET_NAME)";
				SWIFT_EMIT_LOC_STRINGS = YES;
				SWIFT_VERSION = 5.0;
				TARGETED_DEVICE_FAMILY = "1,2";
			};
			name = Debug;
		};
		18CE4F402855706B004AAD32 /* Release */ = {
			isa = XCBuildConfiguration;
			buildSettings = {
				ASSETCATALOG_COMPILER_APPICON_NAME = AppIcon;
				ASSETCATALOG_COMPILER_GLOBAL_ACCENT_COLOR_NAME = AccentColor;
				CODE_SIGN_STYLE = Automatic;
				CURRENT_PROJECT_VERSION = 1;
				DEVELOPMENT_ASSET_PATHS = "\"ChildOfWeatherCombine/Preview Content\"";
				ENABLE_PREVIEWS = YES;
				GENERATE_INFOPLIST_FILE = YES;
				INFOPLIST_KEY_UIApplicationSceneManifest_Generation = YES;
				INFOPLIST_KEY_UIApplicationSupportsIndirectInputEvents = YES;
				INFOPLIST_KEY_UILaunchScreen_Generation = YES;
				INFOPLIST_KEY_UISupportedInterfaceOrientations_iPad = "UIInterfaceOrientationPortrait UIInterfaceOrientationPortraitUpsideDown UIInterfaceOrientationLandscapeLeft UIInterfaceOrientationLandscapeRight";
				INFOPLIST_KEY_UISupportedInterfaceOrientations_iPhone = "UIInterfaceOrientationPortrait UIInterfaceOrientationLandscapeLeft UIInterfaceOrientationLandscapeRight";
				LD_RUNPATH_SEARCH_PATHS = (
					"$(inherited)",
					"@executable_path/Frameworks",
				);
				MARKETING_VERSION = 1.0;
				PRODUCT_BUNDLE_IDENTIFIER = com.yourcompany.test.ChildOfWeatherCombine;
				PRODUCT_NAME = "$(TARGET_NAME)";
				SWIFT_EMIT_LOC_STRINGS = YES;
				SWIFT_VERSION = 5.0;
				TARGETED_DEVICE_FAMILY = "1,2";
			};
			name = Release;
		};
/* End XCBuildConfiguration section */

/* Begin XCConfigurationList section */
		18CE4F2B28557069004AAD32 /* Build configuration list for PBXProject "ChildOfWeatherCombine" */ = {
			isa = XCConfigurationList;
			buildConfigurations = (
				18CE4F3C2855706B004AAD32 /* Debug */,
				18CE4F3D2855706B004AAD32 /* Release */,
			);
			defaultConfigurationIsVisible = 0;
			defaultConfigurationName = Release;
		};
		18CE4F3E2855706B004AAD32 /* Build configuration list for PBXNativeTarget "ChildOfWeatherCombine" */ = {
			isa = XCConfigurationList;
			buildConfigurations = (
				18CE4F3F2855706B004AAD32 /* Debug */,
				18CE4F402855706B004AAD32 /* Release */,
			);
			defaultConfigurationIsVisible = 0;
			defaultConfigurationName = Release;
		};
/* End XCConfigurationList section */
	};
	rootObject = 18CE4F2828557069004AAD32 /* Project object */;
}
